// !$*UTF8*$!
{
	archiveVersion = 1;
	classes = {
	};
	objectVersion = 46;
	objects = {

/* Begin PBXBuildFile section */
		135E5BAA157A95290046896E /* UIKit.framework in Frameworks */ = {isa = PBXBuildFile; fileRef = 135E5BA9157A95290046896E /* UIKit.framework */; };
		135E5BAC157A95290046896E /* Foundation.framework in Frameworks */ = {isa = PBXBuildFile; fileRef = 135E5BAB157A95290046896E /* Foundation.framework */; };
		135E5BAE157A95290046896E /* CoreGraphics.framework in Frameworks */ = {isa = PBXBuildFile; fileRef = 135E5BAD157A95290046896E /* CoreGraphics.framework */; };
		135E5BB4157A95290046896E /* InfoPlist.strings in Resources */ = {isa = PBXBuildFile; fileRef = 135E5BB2157A95290046896E /* InfoPlist.strings */; };
		135E5BB6157A95290046896E /* main.m in Sources */ = {isa = PBXBuildFile; fileRef = 135E5BB5157A95290046896E /* main.m */; };
		135E5BBA157A95290046896E /* AppDelegate.m in Sources */ = {isa = PBXBuildFile; fileRef = 135E5BB9157A95290046896E /* AppDelegate.m */; };
		135E5BBD157A95290046896E /* ViewController.m in Sources */ = {isa = PBXBuildFile; fileRef = 135E5BBC157A95290046896E /* ViewController.m */; };
		135E5BCE157A9E270046896E /* EventInfoViewController.m in Sources */ = {isa = PBXBuildFile; fileRef = 135E5BCC157A9E270046896E /* EventInfoViewController.m */; };
		135E5BD3157AA55C0046896E /* DirectionsViewController.m in Sources */ = {isa = PBXBuildFile; fileRef = 135E5BD1157AA55C0046896E /* DirectionsViewController.m */; };
		135E5BD6157AAE5E0046896E /* QBET LOGO.png in Resources */ = {isa = PBXBuildFile; fileRef = 135E5BD5157AAE5E0046896E /* QBET LOGO.png */; };
		137CC23A1598D2B700587F54 /* icon.png in Resources */ = {isa = PBXBuildFile; fileRef = 137CC2371598D2B700587F54 /* icon.png */; };
		137CC23B1598D2B700587F54 /* icon2.png in Resources */ = {isa = PBXBuildFile; fileRef = 137CC2381598D2B700587F54 /* icon2.png */; };
		137CC23C1598D2B700587F54 /* icon3.png in Resources */ = {isa = PBXBuildFile; fileRef = 137CC2391598D2B700587F54 /* icon3.png */; };
		137CC23F1598D2C000587F54 /* QBet Logo(2).png in Resources */ = {isa = PBXBuildFile; fileRef = 137CC23E1598D2C000587F54 /* QBet Logo(2).png */; };
		137CC2471598D2E900587F54 /* ViewController.xib in Resources */ = {isa = PBXBuildFile; fileRef = 137CC2401598D2E800587F54 /* ViewController.xib */; };
		137CC2481598D2E900587F54 /* InformationViewController.xib in Resources */ = {isa = PBXBuildFile; fileRef = 137CC2411598D2E800587F54 /* InformationViewController.xib */; };
		137CC2491598D2E900587F54 /* ItineraryViewController.xib in Resources */ = {isa = PBXBuildFile; fileRef = 137CC2421598D2E800587F54 /* ItineraryViewController.xib */; };
		137CC24A1598D2E900587F54 /* NewsroomViewController.xib in Resources */ = {isa = PBXBuildFile; fileRef = 137CC2431598D2E900587F54 /* NewsroomViewController.xib */; };
		137CC24B1598D2E900587F54 /* CreditsViewController.xib in Resources */ = {isa = PBXBuildFile; fileRef = 137CC2441598D2E900587F54 /* CreditsViewController.xib */; };
		137CC24C1598D2E900587F54 /* EventInfoViewController.xib in Resources */ = {isa = PBXBuildFile; fileRef = 137CC2451598D2E900587F54 /* EventInfoViewController.xib */; };
		137CC24D1598D2E900587F54 /* DirectionsViewController.xib in Resources */ = {isa = PBXBuildFile; fileRef = 137CC2461598D2E900587F54 /* DirectionsViewController.xib */; };
		13A978EE1583CBEC00E6520C /* InformationViewController.m in Sources */ = {isa = PBXBuildFile; fileRef = 13A978EC1583CBEC00E6520C /* InformationViewController.m */; };
		13C01B041582F7F500FC96D7 /* QBet Main.png in Resources */ = {isa = PBXBuildFile; fileRef = 13C01B031582F7F500FC96D7 /* QBet Main.png */; };
		13C01B0C1582F84B00FC96D7 /* CreditsViewController.m in Sources */ = {isa = PBXBuildFile; fileRef = 13C01B0A1582F84B00FC96D7 /* CreditsViewController.m */; };
		13C01B11158300BB00FC96D7 /* ItineraryViewController.m in Sources */ = {isa = PBXBuildFile; fileRef = 13C01B0F158300BB00FC96D7 /* ItineraryViewController.m */; };
		13C01B161583039200FC96D7 /* NewsroomViewController.m in Sources */ = {isa = PBXBuildFile; fileRef = 13C01B141583039200FC96D7 /* NewsroomViewController.m */; };
		3C210D751598C9E9006C553F /* libxml2.dylib in Frameworks */ = {isa = PBXBuildFile; fileRef = 3C210D741598C9E9006C553F /* libxml2.dylib */; };
		3C210D771598CA5E006C553F /* libqbet.a in Frameworks */ = {isa = PBXBuildFile; fileRef = 3C210D761598CA5E006C553F /* libqbet.a */; };
		3C71BD01159D1A74007B6B76 /* victoria hall.tiff in Resources */ = {isa = PBXBuildFile; fileRef = 3C71BD00159D1A74007B6B76 /* victoria hall.tiff */; };
/* End PBXBuildFile section */

/* Begin PBXFileReference section */
		135E5BA5157A95290046896E /* QBet.app */ = {isa = PBXFileReference; explicitFileType = wrapper.application; includeInIndex = 0; path = QBet.app; sourceTree = BUILT_PRODUCTS_DIR; };
		135E5BA9157A95290046896E /* UIKit.framework */ = {isa = PBXFileReference; lastKnownFileType = wrapper.framework; name = UIKit.framework; path = System/Library/Frameworks/UIKit.framework; sourceTree = SDKROOT; };
		135E5BAB157A95290046896E /* Foundation.framework */ = {isa = PBXFileReference; lastKnownFileType = wrapper.framework; name = Foundation.framework; path = System/Library/Frameworks/Foundation.framework; sourceTree = SDKROOT; };
		135E5BAD157A95290046896E /* CoreGraphics.framework */ = {isa = PBXFileReference; lastKnownFileType = wrapper.framework; name = CoreGraphics.framework; path = System/Library/Frameworks/CoreGraphics.framework; sourceTree = SDKROOT; };
		135E5BB1157A95290046896E /* QBet-Info.plist */ = {isa = PBXFileReference; lastKnownFileType = text.plist.xml; path = "QBet-Info.plist"; sourceTree = "<group>"; };
		135E5BB3157A95290046896E /* en */ = {isa = PBXFileReference; lastKnownFileType = text.plist.strings; name = en; path = en.lproj/InfoPlist.strings; sourceTree = "<group>"; };
		135E5BB5157A95290046896E /* main.m */ = {isa = PBXFileReference; lastKnownFileType = sourcecode.c.objc; path = main.m; sourceTree = "<group>"; };
		135E5BB7157A95290046896E /* QBet-Prefix.pch */ = {isa = PBXFileReference; lastKnownFileType = sourcecode.c.h; path = "QBet-Prefix.pch"; sourceTree = "<group>"; };
		135E5BB8157A95290046896E /* AppDelegate.h */ = {isa = PBXFileReference; lastKnownFileType = sourcecode.c.h; path = AppDelegate.h; sourceTree = "<group>"; };
		135E5BB9157A95290046896E /* AppDelegate.m */ = {isa = PBXFileReference; lastKnownFileType = sourcecode.c.objc; path = AppDelegate.m; sourceTree = "<group>"; };
		135E5BBB157A95290046896E /* ViewController.h */ = {isa = PBXFileReference; lastKnownFileType = sourcecode.c.h; path = ViewController.h; sourceTree = "<group>"; };
		135E5BBC157A95290046896E /* ViewController.m */ = {isa = PBXFileReference; lastKnownFileType = sourcecode.c.objc; path = ViewController.m; sourceTree = "<group>"; };
		135E5BCB157A9E270046896E /* EventInfoViewController.h */ = {isa = PBXFileReference; fileEncoding = 4; lastKnownFileType = sourcecode.c.h; path = EventInfoViewController.h; sourceTree = "<group>"; };
		135E5BCC157A9E270046896E /* EventInfoViewController.m */ = {isa = PBXFileReference; fileEncoding = 4; lastKnownFileType = sourcecode.c.objc; path = EventInfoViewController.m; sourceTree = "<group>"; };
		135E5BD0157AA55C0046896E /* DirectionsViewController.h */ = {isa = PBXFileReference; fileEncoding = 4; lastKnownFileType = sourcecode.c.h; name = DirectionsViewController.h; path = ../DirectionsViewController.h; sourceTree = "<group>"; };
		135E5BD1157AA55C0046896E /* DirectionsViewController.m */ = {isa = PBXFileReference; fileEncoding = 4; lastKnownFileType = sourcecode.c.objc; name = DirectionsViewController.m; path = ../DirectionsViewController.m; sourceTree = "<group>"; };
		135E5BD5157AAE5E0046896E /* QBET LOGO.png */ = {isa = PBXFileReference; lastKnownFileType = image.png; path = "QBET LOGO.png"; sourceTree = "<group>"; };
		137CC2371598D2B700587F54 /* icon.png */ = {isa = PBXFileReference; lastKnownFileType = image.png; path = icon.png; sourceTree = "<group>"; };
		137CC2381598D2B700587F54 /* icon2.png */ = {isa = PBXFileReference; lastKnownFileType = image.png; path = icon2.png; sourceTree = "<group>"; };
		137CC2391598D2B700587F54 /* icon3.png */ = {isa = PBXFileReference; lastKnownFileType = image.png; path = icon3.png; sourceTree = "<group>"; };
		137CC23E1598D2C000587F54 /* QBet Logo(2).png */ = {isa = PBXFileReference; lastKnownFileType = image.png; path = "QBet Logo(2).png"; sourceTree = "<group>"; };
		137CC2401598D2E800587F54 /* ViewController.xib */ = {isa = PBXFileReference; fileEncoding = 4; lastKnownFileType = file.xib; path = ViewController.xib; sourceTree = "<group>"; };
		137CC2411598D2E800587F54 /* InformationViewController.xib */ = {isa = PBXFileReference; fileEncoding = 4; lastKnownFileType = file.xib; path = InformationViewController.xib; sourceTree = "<group>"; };
		137CC2421598D2E800587F54 /* ItineraryViewController.xib */ = {isa = PBXFileReference; fileEncoding = 4; lastKnownFileType = file.xib; path = ItineraryViewController.xib; sourceTree = "<group>"; };
		137CC2431598D2E900587F54 /* NewsroomViewController.xib */ = {isa = PBXFileReference; fileEncoding = 4; lastKnownFileType = file.xib; path = NewsroomViewController.xib; sourceTree = "<group>"; };
		137CC2441598D2E900587F54 /* CreditsViewController.xib */ = {isa = PBXFileReference; fileEncoding = 4; lastKnownFileType = file.xib; path = CreditsViewController.xib; sourceTree = "<group>"; };
		137CC2451598D2E900587F54 /* EventInfoViewController.xib */ = {isa = PBXFileReference; fileEncoding = 4; lastKnownFileType = file.xib; path = EventInfoViewController.xib; sourceTree = "<group>"; };
		137CC2461598D2E900587F54 /* DirectionsViewController.xib */ = {isa = PBXFileReference; fileEncoding = 4; lastKnownFileType = file.xib; path = DirectionsViewController.xib; sourceTree = "<group>"; };
		13A978EB1583CBEC00E6520C /* InformationViewController.h */ = {isa = PBXFileReference; fileEncoding = 4; lastKnownFileType = sourcecode.c.h; path = InformationViewController.h; sourceTree = "<group>"; };
		13A978EC1583CBEC00E6520C /* InformationViewController.m */ = {isa = PBXFileReference; fileEncoding = 4; lastKnownFileType = sourcecode.c.objc; path = InformationViewController.m; sourceTree = "<group>"; };
		13C01B031582F7F500FC96D7 /* QBet Main.png */ = {isa = PBXFileReference; lastKnownFileType = image.png; path = "QBet Main.png"; sourceTree = "<group>"; };
		13C01B091582F84B00FC96D7 /* CreditsViewController.h */ = {isa = PBXFileReference; fileEncoding = 4; lastKnownFileType = sourcecode.c.h; name = CreditsViewController.h; path = ../CreditsViewController.h; sourceTree = "<group>"; };
		13C01B0A1582F84B00FC96D7 /* CreditsViewController.m */ = {isa = PBXFileReference; fileEncoding = 4; lastKnownFileType = sourcecode.c.objc; name = CreditsViewController.m; path = ../CreditsViewController.m; sourceTree = "<group>"; };
		13C01B0E158300BB00FC96D7 /* ItineraryViewController.h */ = {isa = PBXFileReference; fileEncoding = 4; lastKnownFileType = sourcecode.c.h; path = ItineraryViewController.h; sourceTree = "<group>"; };
		13C01B0F158300BB00FC96D7 /* ItineraryViewController.m */ = {isa = PBXFileReference; fileEncoding = 4; lastKnownFileType = sourcecode.c.objc; path = ItineraryViewController.m; sourceTree = "<group>"; };
		13C01B131583039200FC96D7 /* NewsroomViewController.h */ = {isa = PBXFileReference; fileEncoding = 4; lastKnownFileType = sourcecode.c.h; path = NewsroomViewController.h; sourceTree = "<group>"; };
		13C01B141583039200FC96D7 /* NewsroomViewController.m */ = {isa = PBXFileReference; fileEncoding = 4; lastKnownFileType = sourcecode.c.objc; path = NewsroomViewController.m; sourceTree = "<group>"; };
		3C210D741598C9E9006C553F /* libxml2.dylib */ = {isa = PBXFileReference; lastKnownFileType = "compiled.mach-o.dylib"; name = libxml2.dylib; path = usr/lib/libxml2.dylib; sourceTree = SDKROOT; };
		3C210D761598CA5E006C553F /* libqbet.a */ = {isa = PBXFileReference; lastKnownFileType = archive.ar; name = libqbet.a; path = ../common/libqbet.a; sourceTree = "<group>"; };
		3C71BD00159D1A74007B6B76 /* victoria hall.tiff */ = {isa = PBXFileReference; lastKnownFileType = image.tiff; name = "victoria hall.tiff"; path = "QBet/victoria hall.tiff"; sourceTree = "<group>"; };
/* End PBXFileReference section */

/* Begin PBXFrameworksBuildPhase section */
		135E5BA2157A95290046896E /* Frameworks */ = {
			isa = PBXFrameworksBuildPhase;
			buildActionMask = 2147483647;
			files = (
				3C210D771598CA5E006C553F /* libqbet.a in Frameworks */,
				3C210D751598C9E9006C553F /* libxml2.dylib in Frameworks */,
				135E5BAA157A95290046896E /* UIKit.framework in Frameworks */,
				135E5BAC157A95290046896E /* Foundation.framework in Frameworks */,
				135E5BAE157A95290046896E /* CoreGraphics.framework in Frameworks */,
			);
			runOnlyForDeploymentPostprocessing = 0;
		};
/* End PBXFrameworksBuildPhase section */

/* Begin PBXGroup section */
		135E5B9A157A95290046896E = {
			isa = PBXGroup;
			children = (
				3C210D761598CA5E006C553F /* libqbet.a */,
				3C210D741598C9E9006C553F /* libxml2.dylib */,
				135E5BD5157AAE5E0046896E /* QBET LOGO.png */,
				137CC23E1598D2C000587F54 /* QBet Logo(2).png */,
				13C01B031582F7F500FC96D7 /* QBet Main.png */,
				137CC2371598D2B700587F54 /* icon.png */,
				3C71BD00159D1A74007B6B76 /* victoria hall.tiff */,
				137CC2381598D2B700587F54 /* icon2.png */,
				137CC2391598D2B700587F54 /* icon3.png */,
				135E5BAF157A95290046896E /* QBet */,
				135E5BA8157A95290046896E /* Frameworks */,
				135E5BA6157A95290046896E /* Products */,
			);
			sourceTree = "<group>";
		};
		135E5BA6157A95290046896E /* Products */ = {
			isa = PBXGroup;
			children = (
				135E5BA5157A95290046896E /* QBet.app */,
			);
			name = Products;
			sourceTree = "<group>";
		};
		135E5BA8157A95290046896E /* Frameworks */ = {
			isa = PBXGroup;
			children = (
				135E5BA9157A95290046896E /* UIKit.framework */,
				135E5BAB157A95290046896E /* Foundation.framework */,
				135E5BAD157A95290046896E /* CoreGraphics.framework */,
			);
			name = Frameworks;
			sourceTree = "<group>";
		};
		135E5BAF157A95290046896E /* QBet */ = {
			isa = PBXGroup;
			children = (
				135E5BB8157A95290046896E /* AppDelegate.h */,
				135E5BB9157A95290046896E /* AppDelegate.m */,
				135E5BBB157A95290046896E /* ViewController.h */,
				135E5BBC157A95290046896E /* ViewController.m */,
				13A978EB1583CBEC00E6520C /* InformationViewController.h */,
				13A978EC1583CBEC00E6520C /* InformationViewController.m */,
				13C01B0E158300BB00FC96D7 /* ItineraryViewController.h */,
				13C01B0F158300BB00FC96D7 /* ItineraryViewController.m */,
				13C01B131583039200FC96D7 /* NewsroomViewController.h */,
				13C01B141583039200FC96D7 /* NewsroomViewController.m */,
				13C01B091582F84B00FC96D7 /* CreditsViewController.h */,
				13C01B0A1582F84B00FC96D7 /* CreditsViewController.m */,
				135E5BCB157A9E270046896E /* EventInfoViewController.h */,
				135E5BCC157A9E270046896E /* EventInfoViewController.m */,
				135E5BD0157AA55C0046896E /* DirectionsViewController.h */,
				135E5BD1157AA55C0046896E /* DirectionsViewController.m */,
				137CC2401598D2E800587F54 /* ViewController.xib */,
				137CC2411598D2E800587F54 /* InformationViewController.xib */,
				137CC2421598D2E800587F54 /* ItineraryViewController.xib */,
				137CC2431598D2E900587F54 /* NewsroomViewController.xib */,
				137CC2441598D2E900587F54 /* CreditsViewController.xib */,
				137CC2451598D2E900587F54 /* EventInfoViewController.xib */,
				137CC2461598D2E900587F54 /* DirectionsViewController.xib */,
				135E5BB0157A95290046896E /* Supporting Files */,
			);
			path = QBet;
			sourceTree = "<group>";
		};
		135E5BB0157A95290046896E /* Supporting Files */ = {
			isa = PBXGroup;
			children = (
				135E5BB1157A95290046896E /* QBet-Info.plist */,
				135E5BB2157A95290046896E /* InfoPlist.strings */,
				135E5BB5157A95290046896E /* main.m */,
				135E5BB7157A95290046896E /* QBet-Prefix.pch */,
			);
			name = "Supporting Files";
			sourceTree = "<group>";
		};
/* End PBXGroup section */

/* Begin PBXNativeTarget section */
		135E5BA4157A95290046896E /* QBet */ = {
			isa = PBXNativeTarget;
			buildConfigurationList = 135E5BC3157A95290046896E /* Build configuration list for PBXNativeTarget "QBet" */;
			buildPhases = (
				135E5BA1157A95290046896E /* Sources */,
				135E5BA2157A95290046896E /* Frameworks */,
				135E5BA3157A95290046896E /* Resources */,
			);
			buildRules = (
			);
			dependencies = (
			);
			name = QBet;
			productName = QBet;
			productReference = 135E5BA5157A95290046896E /* QBet.app */;
			productType = "com.apple.product-type.application";
		};
/* End PBXNativeTarget section */

/* Begin PBXProject section */
		135E5B9C157A95290046896E /* Project object */ = {
			isa = PBXProject;
			attributes = {
				LastUpgradeCheck = 0430;
				ORGANIZATIONNAME = EOM;
			};
			buildConfigurationList = 135E5B9F157A95290046896E /* Build configuration list for PBXProject "QBet" */;
			compatibilityVersion = "Xcode 3.2";
			developmentRegion = English;
			hasScannedForEncodings = 0;
			knownRegions = (
				en,
			);
			mainGroup = 135E5B9A157A95290046896E;
			productRefGroup = 135E5BA6157A95290046896E /* Products */;
			projectDirPath = "";
			projectRoot = "";
			targets = (
				135E5BA4157A95290046896E /* QBet */,
			);
		};
/* End PBXProject section */

/* Begin PBXResourcesBuildPhase section */
		135E5BA3157A95290046896E /* Resources */ = {
			isa = PBXResourcesBuildPhase;
			buildActionMask = 2147483647;
			files = (
				135E5BB4157A95290046896E /* InfoPlist.strings in Resources */,
				135E5BD6157AAE5E0046896E /* QBET LOGO.png in Resources */,
				13C01B041582F7F500FC96D7 /* QBet Main.png in Resources */,
				137CC23A1598D2B700587F54 /* icon.png in Resources */,
				137CC23B1598D2B700587F54 /* icon2.png in Resources */,
				137CC23C1598D2B700587F54 /* icon3.png in Resources */,
				137CC23F1598D2C000587F54 /* QBet Logo(2).png in Resources */,
				137CC2471598D2E900587F54 /* ViewController.xib in Resources */,
				137CC2481598D2E900587F54 /* InformationViewController.xib in Resources */,
				137CC2491598D2E900587F54 /* ItineraryViewController.xib in Resources */,
				137CC24A1598D2E900587F54 /* NewsroomViewController.xib in Resources */,
				137CC24B1598D2E900587F54 /* CreditsViewController.xib in Resources */,
				137CC24C1598D2E900587F54 /* EventInfoViewController.xib in Resources */,
				137CC24D1598D2E900587F54 /* DirectionsViewController.xib in Resources */,
				3C71BD01159D1A74007B6B76 /* victoria hall.tiff in Resources */,
			);
			runOnlyForDeploymentPostprocessing = 0;
		};
/* End PBXResourcesBuildPhase section */

/* Begin PBXSourcesBuildPhase section */
		135E5BA1157A95290046896E /* Sources */ = {
			isa = PBXSourcesBuildPhase;
			buildActionMask = 2147483647;
			files = (
				135E5BB6157A95290046896E /* main.m in Sources */,
				135E5BBA157A95290046896E /* AppDelegate.m in Sources */,
				135E5BBD157A95290046896E /* ViewController.m in Sources */,
				135E5BCE157A9E270046896E /* EventInfoViewController.m in Sources */,
				135E5BD3157AA55C0046896E /* DirectionsViewController.m in Sources */,
				13C01B0C1582F84B00FC96D7 /* CreditsViewController.m in Sources */,
				13C01B11158300BB00FC96D7 /* ItineraryViewController.m in Sources */,
				13C01B161583039200FC96D7 /* NewsroomViewController.m in Sources */,
				13A978EE1583CBEC00E6520C /* InformationViewController.m in Sources */,
			);
			runOnlyForDeploymentPostprocessing = 0;
		};
/* End PBXSourcesBuildPhase section */

/* Begin PBXVariantGroup section */
		135E5BB2157A95290046896E /* InfoPlist.strings */ = {
			isa = PBXVariantGroup;
			children = (
				135E5BB3157A95290046896E /* en */,
			);
			name = InfoPlist.strings;
			sourceTree = "<group>";
		};
/* End PBXVariantGroup section */

/* Begin XCBuildConfiguration section */
		135E5BC1157A95290046896E /* Debug */ = {
			isa = XCBuildConfiguration;
			buildSettings = {
				ALWAYS_SEARCH_USER_PATHS = NO;
				ARCHS = "$(ARCHS_STANDARD_32_BIT)";
				"CODE_SIGN_IDENTITY[sdk=iphoneos*]" = "iPhone Developer";
				COPY_PHASE_STRIP = NO;
				GCC_C_LANGUAGE_STANDARD = gnu99;
				GCC_DYNAMIC_NO_PIC = NO;
				GCC_OPTIMIZATION_LEVEL = 0;
				GCC_PREPROCESSOR_DEFINITIONS = (
					"DEBUG=1",
					"$(inherited)",
				);
				GCC_SYMBOLS_PRIVATE_EXTERN = NO;
				GCC_VERSION = com.apple.compilers.llvm.clang.1_0;
				GCC_WARN_ABOUT_RETURN_TYPE = YES;
				GCC_WARN_UNINITIALIZED_AUTOS = YES;
				GCC_WARN_UNUSED_VARIABLE = YES;
				IPHONEOS_DEPLOYMENT_TARGET = 5.1;
				SDKROOT = iphoneos;
			};
			name = Debug;
		};
		135E5BC2157A95290046896E /* Release */ = {
			isa = XCBuildConfiguration;
			buildSettings = {
				ALWAYS_SEARCH_USER_PATHS = NO;
				ARCHS = "$(ARCHS_STANDARD_32_BIT)";
				"CODE_SIGN_IDENTITY[sdk=iphoneos*]" = "iPhone Developer";
				COPY_PHASE_STRIP = YES;
				GCC_C_LANGUAGE_STANDARD = gnu99;
				GCC_VERSION = com.apple.compilers.llvm.clang.1_0;
				GCC_WARN_ABOUT_RETURN_TYPE = YES;
				GCC_WARN_UNINITIALIZED_AUTOS = YES;
				GCC_WARN_UNUSED_VARIABLE = YES;
				IPHONEOS_DEPLOYMENT_TARGET = 5.1;
				OTHER_CFLAGS = "-DNS_BLOCK_ASSERTIONS=1";
				SDKROOT = iphoneos;
				VALIDATE_PRODUCT = YES;
			};
			name = Release;
		};
		135E5BC4157A95290046896E /* Debug */ = {
			isa = XCBuildConfiguration;
			buildSettings = {
				GCC_PRECOMPILE_PREFIX_HEADER = YES;
				GCC_PREFIX_HEADER = "QBet/QBet-Prefix.pch";
				HEADER_SEARCH_PATHS = "../common/**";
				INFOPLIST_FILE = "QBet/QBet-Info.plist";
				LIBRARY_SEARCH_PATHS = (
					"$(inherited)",
					"\"$(SRCROOT)/../common\"",
				);
				PRODUCT_NAME = "$(TARGET_NAME)";
				WRAPPER_EXTENSION = app;
			};
			name = Debug;
		};
		135E5BC5157A95290046896E /* Release */ = {
			isa = XCBuildConfiguration;
			buildSettings = {
				GCC_PRECOMPILE_PREFIX_HEADER = YES;
				GCC_PREFIX_HEADER = "QBet/QBet-Prefix.pch";
				HEADER_SEARCH_PATHS = "../common/**";
				INFOPLIST_FILE = "QBet/QBet-Info.plist";
				LIBRARY_SEARCH_PATHS = (
					"$(inherited)",
					"\"$(SRCROOT)/../common\"",
				);
				PRODUCT_NAME = "$(TARGET_NAME)";
				WRAPPER_EXTENSION = app;
			};
			name = Release;
		};
/* End XCBuildConfiguration section */

/* Begin XCConfigurationList section */
		135E5B9F157A95290046896E /* Build configuration list for PBXProject "QBet" */ = {
			isa = XCConfigurationList;
			buildConfigurations = (
				135E5BC1157A95290046896E /* Debug */,
				135E5BC2157A95290046896E /* Release */,
			);
			defaultConfigurationIsVisible = 0;
			defaultConfigurationName = Release;
		};
		135E5BC3157A95290046896E /* Build configuration list for PBXNativeTarget "QBet" */ = {
			isa = XCConfigurationList;
			buildConfigurations = (
				135E5BC4157A95290046896E /* Debug */,
				135E5BC5157A95290046896E /* Release */,
			);
			defaultConfigurationIsVisible = 0;
			defaultConfigurationName = Release;
		};
/* End XCConfigurationList section */
	};
	rootObject = 135E5B9C157A95290046896E /* Project object */;
}
